// !$*UTF8*$!
{
	archiveVersion = 1;
	classes = {
	};
	objectVersion = 46;
	objects = {

/* Begin PBXBuildFile section */
		F284836A1EA8ACDC00AAEE59 /* main.m in Sources */ = {isa = PBXBuildFile; fileRef = F28483691EA8ACDC00AAEE59 /* main.m */; };
		F284836D1EA8ACDC00AAEE59 /* AppDelegate.m in Sources */ = {isa = PBXBuildFile; fileRef = F284836C1EA8ACDC00AAEE59 /* AppDelegate.m */; };
		F28483701EA8ACDC00AAEE59 /* ViewController.m in Sources */ = {isa = PBXBuildFile; fileRef = F284836F1EA8ACDC00AAEE59 /* ViewController.m */; };
		F28483731EA8ACDC00AAEE59 /* Main.storyboard in Resources */ = {isa = PBXBuildFile; fileRef = F28483711EA8ACDC00AAEE59 /* Main.storyboard */; };
		F28483761EA8ACDC00AAEE59 /* QJStarView.xcdatamodeld in Sources */ = {isa = PBXBuildFile; fileRef = F28483741EA8ACDC00AAEE59 /* QJStarView.xcdatamodeld */; };
		F28483781EA8ACDC00AAEE59 /* Assets.xcassets in Resources */ = {isa = PBXBuildFile; fileRef = F28483771EA8ACDC00AAEE59 /* Assets.xcassets */; };
		F284837B1EA8ACDC00AAEE59 /* LaunchScreen.storyboard in Resources */ = {isa = PBXBuildFile; fileRef = F28483791EA8ACDC00AAEE59 /* LaunchScreen.storyboard */; };
		F28483861EA8ACDC00AAEE59 /* QJStarViewTests.m in Sources */ = {isa = PBXBuildFile; fileRef = F28483851EA8ACDC00AAEE59 /* QJStarViewTests.m */; };
		F28483911EA8ACDC00AAEE59 /* QJStarViewUITests.m in Sources */ = {isa = PBXBuildFile; fileRef = F28483901EA8ACDC00AAEE59 /* QJStarViewUITests.m */; };
		F28483A01EA8ADF900AAEE59 /* QJStartView.m in Sources */ = {isa = PBXBuildFile; fileRef = F284839F1EA8ADF900AAEE59 /* QJStartView.m */; };
/* End PBXBuildFile section */

/* Begin PBXContainerItemProxy section */
		F28483821EA8ACDC00AAEE59 /* PBXContainerItemProxy */ = {
			isa = PBXContainerItemProxy;
			containerPortal = F284835D1EA8ACDC00AAEE59 /* Project object */;
			proxyType = 1;
			remoteGlobalIDString = F28483641EA8ACDC00AAEE59;
			remoteInfo = QJStarView;
		};
		F284838D1EA8ACDC00AAEE59 /* PBXContainerItemProxy */ = {
			isa = PBXContainerItemProxy;
			containerPortal = F284835D1EA8ACDC00AAEE59 /* Project object */;
			proxyType = 1;
			remoteGlobalIDString = F28483641EA8ACDC00AAEE59;
			remoteInfo = QJStarView;
		};
/* End PBXContainerItemProxy section */

/* Begin PBXFileReference section */
		F28483651EA8ACDC00AAEE59 /* QJStarView.app */ = {isa = PBXFileReference; explicitFileType = wrapper.application; includeInIndex = 0; path = QJStarView.app; sourceTree = BUILT_PRODUCTS_DIR; };
		F28483691EA8ACDC00AAEE59 /* main.m */ = {isa = PBXFileReference; lastKnownFileType = sourcecode.c.objc; path = main.m; sourceTree = "<group>"; };
		F284836B1EA8ACDC00AAEE59 /* AppDelegate.h */ = {isa = PBXFileReference; lastKnownFileType = sourcecode.c.h; path = AppDelegate.h; sourceTree = "<group>"; };
		F284836C1EA8ACDC00AAEE59 /* AppDelegate.m */ = {isa = PBXFileReference; lastKnownFileType = sourcecode.c.objc; path = AppDelegate.m; sourceTree = "<group>"; };
		F284836E1EA8ACDC00AAEE59 /* ViewController.h */ = {isa = PBXFileReference; lastKnownFileType = sourcecode.c.h; path = ViewController.h; sourceTree = "<group>"; };
		F284836F1EA8ACDC00AAEE59 /* ViewController.m */ = {isa = PBXFileReference; lastKnownFileType = sourcecode.c.objc; path = ViewController.m; sourceTree = "<group>"; };
		F28483721EA8ACDC00AAEE59 /* Base */ = {isa = PBXFileReference; lastKnownFileType = file.storyboard; name = Base; path = Base.lproj/Main.storyboard; sourceTree = "<group>"; };
		F28483751EA8ACDC00AAEE59 /* QJStarView.xcdatamodel */ = {isa = PBXFileReference; lastKnownFileType = wrapper.xcdatamodel; path = QJStarView.xcdatamodel; sourceTree = "<group>"; };
		F28483771EA8ACDC00AAEE59 /* Assets.xcassets */ = {isa = PBXFileReference; lastKnownFileType = folder.assetcatalog; path = Assets.xcassets; sourceTree = "<group>"; };
		F284837A1EA8ACDC00AAEE59 /* Base */ = {isa = PBXFileReference; lastKnownFileType = file.storyboard; name = Base; path = Base.lproj/LaunchScreen.storyboard; sourceTree = "<group>"; };
		F284837C1EA8ACDC00AAEE59 /* Info.plist */ = {isa = PBXFileReference; lastKnownFileType = text.plist.xml; path = Info.plist; sourceTree = "<group>"; };
		F28483811EA8ACDC00AAEE59 /* QJStarViewTests.xctest */ = {isa = PBXFileReference; explicitFileType = wrapper.cfbundle; includeInIndex = 0; path = QJStarViewTests.xctest; sourceTree = BUILT_PRODUCTS_DIR; };
		F28483851EA8ACDC00AAEE59 /* QJStarViewTests.m */ = {isa = PBXFileReference; lastKnownFileType = sourcecode.c.objc; path = QJStarViewTests.m; sourceTree = "<group>"; };
		F28483871EA8ACDC00AAEE59 /* Info.plist */ = {isa = PBXFileReference; lastKnownFileType = text.plist.xml; path = Info.plist; sourceTree = "<group>"; };
		F284838C1EA8ACDC00AAEE59 /* QJStarViewUITests.xctest */ = {isa = PBXFileReference; explicitFileType = wrapper.cfbundle; includeInIndex = 0; path = QJStarViewUITests.xctest; sourceTree = BUILT_PRODUCTS_DIR; };
		F28483901EA8ACDC00AAEE59 /* QJStarViewUITests.m */ = {isa = PBXFileReference; lastKnownFileType = sourcecode.c.objc; path = QJStarViewUITests.m; sourceTree = "<group>"; };
		F28483921EA8ACDC00AAEE59 /* Info.plist */ = {isa = PBXFileReference; lastKnownFileType = text.plist.xml; path = Info.plist; sourceTree = "<group>"; };
		F284839E1EA8ADF900AAEE59 /* QJStartView.h */ = {isa = PBXFileReference; fileEncoding = 4; lastKnownFileType = sourcecode.c.h; path = QJStartView.h; sourceTree = "<group>"; };
		F284839F1EA8ADF900AAEE59 /* QJStartView.m */ = {isa = PBXFileReference; fileEncoding = 4; lastKnownFileType = sourcecode.c.objc; path = QJStartView.m; sourceTree = "<group>"; };
/* End PBXFileReference section */

/* Begin PBXFrameworksBuildPhase section */
		F28483621EA8ACDC00AAEE59 /* Frameworks */ = {
			isa = PBXFrameworksBuildPhase;
			buildActionMask = 2147483647;
			files = (
			);
			runOnlyForDeploymentPostprocessing = 0;
		};
		F284837E1EA8ACDC00AAEE59 /* Frameworks */ = {
			isa = PBXFrameworksBuildPhase;
			buildActionMask = 2147483647;
			files = (
			);
			runOnlyForDeploymentPostprocessing = 0;
		};
		F28483891EA8ACDC00AAEE59 /* Frameworks */ = {
			isa = PBXFrameworksBuildPhase;
			buildActionMask = 2147483647;
			files = (
			);
			runOnlyForDeploymentPostprocessing = 0;
		};
/* End PBXFrameworksBuildPhase section */

/* Begin PBXGroup section */
		F284835C1EA8ACDC00AAEE59 = {
			isa = PBXGroup;
			children = (
				F28483671EA8ACDC00AAEE59 /* QJStarView */,
				F28483841EA8ACDC00AAEE59 /* QJStarViewTests */,
				F284838F1EA8ACDC00AAEE59 /* QJStarViewUITests */,
				F28483661EA8ACDC00AAEE59 /* Products */,
			);
			sourceTree = "<group>";
		};
		F28483661EA8ACDC00AAEE59 /* Products */ = {
			isa = PBXGroup;
			children = (
				F28483651EA8ACDC00AAEE59 /* QJStarView.app */,
				F28483811EA8ACDC00AAEE59 /* QJStarViewTests.xctest */,
				F284838C1EA8ACDC00AAEE59 /* QJStarViewUITests.xctest */,
			);
			name = Products;
			sourceTree = "<group>";
		};
		F28483671EA8ACDC00AAEE59 /* QJStarView */ = {
			isa = PBXGroup;
			children = (
				F284836B1EA8ACDC00AAEE59 /* AppDelegate.h */,
				F284836C1EA8ACDC00AAEE59 /* AppDelegate.m */,
				F284836E1EA8ACDC00AAEE59 /* ViewController.h */,
				F284836F1EA8ACDC00AAEE59 /* ViewController.m */,
				F28483711EA8ACDC00AAEE59 /* Main.storyboard */,
				F28483771EA8ACDC00AAEE59 /* Assets.xcassets */,
				F28483791EA8ACDC00AAEE59 /* LaunchScreen.storyboard */,
				F284837C1EA8ACDC00AAEE59 /* Info.plist */,
				F28483741EA8ACDC00AAEE59 /* QJStarView.xcdatamodeld */,
				F28483681EA8ACDC00AAEE59 /* Supporting Files */,
				F284839E1EA8ADF900AAEE59 /* QJStartView.h */,
				F284839F1EA8ADF900AAEE59 /* QJStartView.m */,
			);
			path = QJStarView;
			sourceTree = "<group>";
		};
		F28483681EA8ACDC00AAEE59 /* Supporting Files */ = {
			isa = PBXGroup;
			children = (
				F28483691EA8ACDC00AAEE59 /* main.m */,
			);
			name = "Supporting Files";
			sourceTree = "<group>";
		};
		F28483841EA8ACDC00AAEE59 /* QJStarViewTests */ = {
			isa = PBXGroup;
			children = (
				F28483851EA8ACDC00AAEE59 /* QJStarViewTests.m */,
				F28483871EA8ACDC00AAEE59 /* Info.plist */,
			);
			path = QJStarViewTests;
			sourceTree = "<group>";
		};
		F284838F1EA8ACDC00AAEE59 /* QJStarViewUITests */ = {
			isa = PBXGroup;
			children = (
				F28483901EA8ACDC00AAEE59 /* QJStarViewUITests.m */,
				F28483921EA8ACDC00AAEE59 /* Info.plist */,
			);
			path = QJStarViewUITests;
			sourceTree = "<group>";
		};
/* End PBXGroup section */

/* Begin PBXNativeTarget section */
		F28483641EA8ACDC00AAEE59 /* QJStarView */ = {
			isa = PBXNativeTarget;
			buildConfigurationList = F28483951EA8ACDC00AAEE59 /* Build configuration list for PBXNativeTarget "QJStarView" */;
			buildPhases = (
				F28483611EA8ACDC00AAEE59 /* Sources */,
				F28483621EA8ACDC00AAEE59 /* Frameworks */,
				F28483631EA8ACDC00AAEE59 /* Resources */,
			);
			buildRules = (
			);
			dependencies = (
			);
			name = QJStarView;
			productName = QJStarView;
			productReference = F28483651EA8ACDC00AAEE59 /* QJStarView.app */;
			productType = "com.apple.product-type.application";
		};
		F28483801EA8ACDC00AAEE59 /* QJStarViewTests */ = {
			isa = PBXNativeTarget;
			buildConfigurationList = F28483981EA8ACDC00AAEE59 /* Build configuration list for PBXNativeTarget "QJStarViewTests" */;
			buildPhases = (
				F284837D1EA8ACDC00AAEE59 /* Sources */,
				F284837E1EA8ACDC00AAEE59 /* Frameworks */,
				F284837F1EA8ACDC00AAEE59 /* Resources */,
			);
			buildRules = (
			);
			dependencies = (
				F28483831EA8ACDC00AAEE59 /* PBXTargetDependency */,
			);
			name = QJStarViewTests;
			productName = QJStarViewTests;
			productReference = F28483811EA8ACDC00AAEE59 /* QJStarViewTests.xctest */;
			productType = "com.apple.product-type.bundle.unit-test";
		};
		F284838B1EA8ACDC00AAEE59 /* QJStarViewUITests */ = {
			isa = PBXNativeTarget;
			buildConfigurationList = F284839B1EA8ACDC00AAEE59 /* Build configuration list for PBXNativeTarget "QJStarViewUITests" */;
			buildPhases = (
				F28483881EA8ACDC00AAEE59 /* Sources */,
				F28483891EA8ACDC00AAEE59 /* Frameworks */,
				F284838A1EA8ACDC00AAEE59 /* Resources */,
			);
			buildRules = (
			);
			dependencies = (
				F284838E1EA8ACDC00AAEE59 /* PBXTargetDependency */,
			);
			name = QJStarViewUITests;
			productName = QJStarViewUITests;
			productReference = F284838C1EA8ACDC00AAEE59 /* QJStarViewUITests.xctest */;
			productType = "com.apple.product-type.bundle.ui-testing";
		};
/* End PBXNativeTarget section */

/* Begin PBXProject section */
		F284835D1EA8ACDC00AAEE59 /* Project object */ = {
			isa = PBXProject;
			attributes = {
				LastUpgradeCheck = 0820;
				ORGANIZATIONNAME = yiniu;
				TargetAttributes = {
					F28483641EA8ACDC00AAEE59 = {
						CreatedOnToolsVersion = 8.2.1;
						DevelopmentTeam = 5XP7V8XFSX;
						ProvisioningStyle = Automatic;
					};
					F28483801EA8ACDC00AAEE59 = {
						CreatedOnToolsVersion = 8.2.1;
						DevelopmentTeam = 5XP7V8XFSX;
						ProvisioningStyle = Automatic;
						TestTargetID = F28483641EA8ACDC00AAEE59;
					};
					F284838B1EA8ACDC00AAEE59 = {
						CreatedOnToolsVersion = 8.2.1;
						DevelopmentTeam = 5XP7V8XFSX;
						ProvisioningStyle = Automatic;
						TestTargetID = F28483641EA8ACDC00AAEE59;
					};
				};
			};
			buildConfigurationList = F28483601EA8ACDC00AAEE59 /* Build configuration list for PBXProject "QJStarView" */;
			compatibilityVersion = "Xcode 3.2";
			developmentRegion = English;
			hasScannedForEncodings = 0;
			knownRegions = (
				en,
				Base,
			);
			mainGroup = F284835C1EA8ACDC00AAEE59;
			productRefGroup = F28483661EA8ACDC00AAEE59 /* Products */;
			projectDirPath = "";
			projectRoot = "";
			targets = (
				F28483641EA8ACDC00AAEE59 /* QJStarView */,
				F28483801EA8ACDC00AAEE59 /* QJStarViewTests */,
				F284838B1EA8ACDC00AAEE59 /* QJStarViewUITests */,
			);
		};
/* End PBXProject section */

/* Begin PBXResourcesBuildPhase section */
		F28483631EA8ACDC00AAEE59 /* Resources */ = {
			isa = PBXResourcesBuildPhase;
			buildActionMask = 2147483647;
			files = (
				F284837B1EA8ACDC00AAEE59 /* LaunchScreen.storyboard in Resources */,
				F28483781EA8ACDC00AAEE59 /* Assets.xcassets in Resources */,
				F28483731EA8ACDC00AAEE59 /* Main.storyboard in Resources */,
			);
			runOnlyForDeploymentPostprocessing = 0;
		};
		F284837F1EA8ACDC00AAEE59 /* Resources */ = {
			isa = PBXResourcesBuildPhase;
			buildActionMask = 2147483647;
			files = (
			);
			runOnlyForDeploymentPostprocessing = 0;
		};
		F284838A1EA8ACDC00AAEE59 /* Resources */ = {
			isa = PBXResourcesBuildPhase;
			buildActionMask = 2147483647;
			files = (
			);
			runOnlyForDeploymentPostprocessing = 0;
		};
/* End PBXResourcesBuildPhase section */

/* Begin PBXSourcesBuildPhase section */
		F28483611EA8ACDC00AAEE59 /* Sources */ = {
			isa = PBXSourcesBuildPhase;
			buildActionMask = 2147483647;
			files = (
				F28483701EA8ACDC00AAEE59 /* ViewController.m in Sources */,
				F284836D1EA8ACDC00AAEE59 /* AppDelegate.m in Sources */,
				F284836A1EA8ACDC00AAEE59 /* main.m in Sources */,
				F28483761EA8ACDC00AAEE59 /* QJStarView.xcdatamodeld in Sources */,
				F28483A01EA8ADF900AAEE59 /* QJStartView.m in Sources */,
			);
			runOnlyForDeploymentPostprocessing = 0;
		};
		F284837D1EA8ACDC00AAEE59 /* Sources */ = {
			isa = PBXSourcesBuildPhase;
			buildActionMask = 2147483647;
			files = (
				F28483861EA8ACDC00AAEE59 /* QJStarViewTests.m in Sources */,
			);
			runOnlyForDeploymentPostprocessing = 0;
		};
		F28483881EA8ACDC00AAEE59 /* Sources */ = {
			isa = PBXSourcesBuildPhase;
			buildActionMask = 2147483647;
			files = (
				F28483911EA8ACDC00AAEE59 /* QJStarViewUITests.m in Sources */,
			);
			runOnlyForDeploymentPostprocessing = 0;
		};
/* End PBXSourcesBuildPhase section */

/* Begin PBXTargetDependency section */
		F28483831EA8ACDC00AAEE59 /* PBXTargetDependency */ = {
			isa = PBXTargetDependency;
			target = F28483641EA8ACDC00AAEE59 /* QJStarView */;
			targetProxy = F28483821EA8ACDC00AAEE59 /* PBXContainerItemProxy */;
		};
		F284838E1EA8ACDC00AAEE59 /* PBXTargetDependency */ = {
			isa = PBXTargetDependency;
			target = F28483641EA8ACDC00AAEE59 /* QJStarView */;
			targetProxy = F284838D1EA8ACDC00AAEE59 /* PBXContainerItemProxy */;
		};
/* End PBXTargetDependency section */

/* Begin PBXVariantGroup section */
		F28483711EA8ACDC00AAEE59 /* Main.storyboard */ = {
			isa = PBXVariantGroup;
			children = (
				F28483721EA8ACDC00AAEE59 /* Base */,
			);
			name = Main.storyboard;
			sourceTree = "<group>";
		};
		F28483791EA8ACDC00AAEE59 /* LaunchScreen.storyboard */ = {
			isa = PBXVariantGroup;
			children = (
				F284837A1EA8ACDC00AAEE59 /* Base */,
			);
			name = LaunchScreen.storyboard;
			sourceTree = "<group>";
		};
/* End PBXVariantGroup section */

/* Begin XCBuildConfiguration section */
		F28483931EA8ACDC00AAEE59 /* Debug */ = {
			isa = XCBuildConfiguration;
			buildSettings = {
				ALWAYS_SEARCH_USER_PATHS = NO;
				CLANG_ANALYZER_NONNULL = YES;
				CLANG_CXX_LANGUAGE_STANDARD = "gnu++0x";
				CLANG_CXX_LIBRARY = "libc++";
				CLANG_ENABLE_MODULES = YES;
				CLANG_ENABLE_OBJC_ARC = YES;
				CLANG_WARN_BOOL_CONVERSION = YES;
				CLANG_WARN_CONSTANT_CONVERSION = YES;
				CLANG_WARN_DIRECT_OBJC_ISA_USAGE = YES_ERROR;
				CLANG_WARN_DOCUMENTATION_COMMENTS = YES;
				CLANG_WARN_EMPTY_BODY = YES;
				CLANG_WARN_ENUM_CONVERSION = YES;
				CLANG_WARN_INFINITE_RECURSION = YES;
				CLANG_WARN_INT_CONVERSION = YES;
				CLANG_WARN_OBJC_ROOT_CLASS = YES_ERROR;
				CLANG_WARN_SUSPICIOUS_MOVE = YES;
				CLANG_WARN_UNREACHABLE_CODE = YES;
				CLANG_WARN__DUPLICATE_METHOD_MATCH = YES;
				"CODE_SIGN_IDENTITY[sdk=iphoneos*]" = "iPhone Developer";
				COPY_PHASE_STRIP = NO;
				DEBUG_INFORMATION_FORMAT = dwarf;
				ENABLE_STRICT_OBJC_MSGSEND = YES;
				ENABLE_TESTABILITY = YES;
				GCC_C_LANGUAGE_STANDARD = gnu99;
				GCC_DYNAMIC_NO_PIC = NO;
				GCC_NO_COMMON_BLOCKS = YES;
				GCC_OPTIMIZATION_LEVEL = 0;
				GCC_PREPROCESSOR_DEFINITIONS = (
					"DEBUG=1",
					"$(inherited)",
				);
				GCC_WARN_64_TO_32_BIT_CONVERSION = YES;
				GCC_WARN_ABOUT_RETURN_TYPE = YES_ERROR;
				GCC_WARN_UNDECLARED_SELECTOR = YES;
				GCC_WARN_UNINITIALIZED_AUTOS = YES_AGGRESSIVE;
				GCC_WARN_UNUSED_FUNCTION = YES;
				GCC_WARN_UNUSED_VARIABLE = YES;
				IPHONEOS_DEPLOYMENT_TARGET = 10.2;
				MTL_ENABLE_DEBUG_INFO = YES;
				ONLY_ACTIVE_ARCH = YES;
				SDKROOT = iphoneos;
			};
			name = Debug;
		};
		F28483941EA8ACDC00AAEE59 /* Release */ = {
			isa = XCBuildConfiguration;
			buildSettings = {
				ALWAYS_SEARCH_USER_PATHS = NO;
				CLANG_ANALYZER_NONNULL = YES;
				CLANG_CXX_LANGUAGE_STANDARD = "gnu++0x";
				CLANG_CXX_LIBRARY = "libc++";
				CLANG_ENABLE_MODULES = YES;
				CLANG_ENABLE_OBJC_ARC = YES;
				CLANG_WARN_BOOL_CONVERSION = YES;
				CLANG_WARN_CONSTANT_CONVERSION = YES;
				CLANG_WARN_DIRECT_OBJC_ISA_USAGE = YES_ERROR;
				CLANG_WARN_DOCUMENTATION_COMMENTS = YES;
				CLANG_WARN_EMPTY_BODY = YES;
				CLANG_WARN_ENUM_CONVERSION = YES;
				CLANG_WARN_INFINITE_RECURSION = YES;
				CLANG_WARN_INT_CONVERSION = YES;
				CLANG_WARN_OBJC_ROOT_CLASS = YES_ERROR;
				CLANG_WARN_SUSPICIOUS_MOVE = YES;
				CLANG_WARN_UNREACHABLE_CODE = YES;
				CLANG_WARN__DUPLICATE_METHOD_MATCH = YES;
				"CODE_SIGN_IDENTITY[sdk=iphoneos*]" = "iPhone Developer";
				COPY_PHASE_STRIP = NO;
				DEBUG_INFORMATION_FORMAT = "dwarf-with-dsym";
				ENABLE_NS_ASSERTIONS = NO;
				ENABLE_STRICT_OBJC_MSGSEND = YES;
				GCC_C_LANGUAGE_STANDARD = gnu99;
				GCC_NO_COMMON_BLOCKS = YES;
				GCC_WARN_64_TO_32_BIT_CONVERSION = YES;
				GCC_WARN_ABOUT_RETURN_TYPE = YES_ERROR;
				GCC_WARN_UNDECLARED_SELECTOR = YES;
				GCC_WARN_UNINITIALIZED_AUTOS = YES_AGGRESSIVE;
				GCC_WARN_UNUSED_FUNCTION = YES;
				GCC_WARN_UNUSED_VARIABLE = YES;
				IPHONEOS_DEPLOYMENT_TARGET = 10.2;
				MTL_ENABLE_DEBUG_INFO = NO;
				SDKROOT = iphoneos;
				VALIDATE_PRODUCT = YES;
			};
			name = Release;
		};
		F28483961EA8ACDC00AAEE59 /* Debug */ = {
			isa = XCBuildConfiguration;
			buildSettings = {
				ASSETCATALOG_COMPILER_APPICON_NAME = AppIcon;
				DEVELOPMENT_TEAM = 5XP7V8XFSX;
				INFOPLIST_FILE = QJStarView/Info.plist;
				LD_RUNPATH_SEARCH_PATHS = "$(inherited) @executable_path/Frameworks";
				PRODUCT_BUNDLE_IDENTIFIER = com.yiniu.QJStarView;
				PRODUCT_NAME = "$(TARGET_NAME)";
			};
			name = Debug;
		};
		F28483971EA8ACDC00AAEE59 /* Release */ = {
			isa = XCBuildConfiguration;
			buildSettings = {
				ASSETCATALOG_COMPILER_APPICON_NAME = AppIcon;
				DEVELOPMENT_TEAM = 5XP7V8XFSX;
				INFOPLIST_FILE = QJStarView/Info.plist;
				LD_RUNPATH_SEARCH_PATHS = "$(inherited) @executable_path/Frameworks";
				PRODUCT_BUNDLE_IDENTIFIER = com.yiniu.QJStarView;
				PRODUCT_NAME = "$(TARGET_NAME)";
			};
			name = Release;
		};
		F28483991EA8ACDC00AAEE59 /* Debug */ = {
			isa = XCBuildConfiguration;
			buildSettings = {
				BUNDLE_LOADER = "$(TEST_HOST)";
				DEVELOPMENT_TEAM = 5XP7V8XFSX;
				INFOPLIST_FILE = QJStarViewTests/Info.plist;
				LD_RUNPATH_SEARCH_PATHS = "$(inherited) @executable_path/Frameworks @loader_path/Frameworks";
				PRODUCT_BUNDLE_IDENTIFIER = com.yiniu.QJStarViewTests;
				PRODUCT_NAME = "$(TARGET_NAME)";
				TEST_HOST = "$(BUILT_PRODUCTS_DIR)/QJStarView.app/QJStarView";
			};
			name = Debug;
		};
		F284839A1EA8ACDC00AAEE59 /* Release */ = {
			isa = XCBuildConfiguration;
			buildSettings = {
				BUNDLE_LOADER = "$(TEST_HOST)";
				DEVELOPMENT_TEAM = 5XP7V8XFSX;
				INFOPLIST_FILE = QJStarViewTests/Info.plist;
				LD_RUNPATH_SEARCH_PATHS = "$(inherited) @executable_path/Frameworks @loader_path/Frameworks";
				PRODUCT_BUNDLE_IDENTIFIER = com.yiniu.QJStarViewTests;
				PRODUCT_NAME = "$(TARGET_NAME)";
				TEST_HOST = "$(BUILT_PRODUCTS_DIR)/QJStarView.app/QJStarView";
			};
			name = Release;
		};
		F284839C1EA8ACDC00AAEE59 /* Debug */ = {
			isa = XCBuildConfiguration;
			buildSettings = {
				DEVELOPMENT_TEAM = 5XP7V8XFSX;
				INFOPLIST_FILE = QJStarViewUITests/Info.plist;
				LD_RUNPATH_SEARCH_PATHS = "$(inherited) @executable_path/Frameworks @loader_path/Frameworks";
				PRODUCT_BUNDLE_IDENTIFIER = com.yiniu.QJStarViewUITests;
				PRODUCT_NAME = "$(TARGET_NAME)";
				TEST_TARGET_NAME = QJStarView;
			};
			name = Debug;
		};
		F284839D1EA8ACDC00AAEE59 /* Release */ = {
			isa = XCBuildConfiguration;
			buildSettings = {
				DEVELOPMENT_TEAM = 5XP7V8XFSX;
				INFOPLIST_FILE = QJStarViewUITests/Info.plist;
				LD_RUNPATH_SEARCH_PATHS = "$(inherited) @executable_path/Frameworks @loader_path/Frameworks";
				PRODUCT_BUNDLE_IDENTIFIER = com.yiniu.QJStarViewUITests;
				PRODUCT_NAME = "$(TARGET_NAME)";
				TEST_TARGET_NAME = QJStarView;
			};
			name = Release;
		};
/* End XCBuildConfiguration section */

/* Begin XCConfigurationList section */
		F28483601EA8ACDC00AAEE59 /* Build configuration list for PBXProject "QJStarView" */ = {
			isa = XCConfigurationList;
			buildConfigurations = (
				F28483931EA8ACDC00AAEE59 /* Debug */,
				F28483941EA8ACDC00AAEE59 /* Release */,
			);
			defaultConfigurationIsVisible = 0;
			defaultConfigurationName = Release;
		};
		F28483951EA8ACDC00AAEE59 /* Build configuration list for PBXNativeTarget "QJStarView" */ = {
			isa = XCConfigurationList;
			buildConfigurations = (
				F28483961EA8ACDC00AAEE59 /* Debug */,
				F28483971EA8ACDC00AAEE59 /* Release */,
			);
			defaultConfigurationIsVisible = 0;
		};
		F28483981EA8ACDC00AAEE59 /* Build configuration list for PBXNativeTarget "QJStarViewTests" */ = {
			isa = XCConfigurationList;
			buildConfigurations = (
				F28483991EA8ACDC00AAEE59 /* Debug */,
				F284839A1EA8ACDC00AAEE59 /* Release */,
			);
			defaultConfigurationIsVisible = 0;
		};
		F284839B1EA8ACDC00AAEE59 /* Build configuration list for PBXNativeTarget "QJStarViewUITests" */ = {
			isa = XCConfigurationList;
			buildConfigurations = (
				F284839C1EA8ACDC00AAEE59 /* Debug */,
				F284839D1EA8ACDC00AAEE59 /* Release */,
			);
			defaultConfigurationIsVisible = 0;
		};
/* End XCConfigurationList section */

/* Begin XCVersionGroup section */
		F28483741EA8ACDC00AAEE59 /* QJStarView.xcdatamodeld */ = {
			isa = XCVersionGroup;
			children = (
				F28483751EA8ACDC00AAEE59 /* QJStarView.xcdatamodel */,
			);
			currentVersion = F28483751EA8ACDC00AAEE59 /* QJStarView.xcdatamodel */;
			path = QJStarView.xcdatamodeld;
			sourceTree = "<group>";
			versionGroupType = wrapper.xcdatamodel;
		};
/* End XCVersionGroup section */
	};
	rootObject = F284835D1EA8ACDC00AAEE59 /* Project object */;
}
